
Microsoft Visual Studio Solution File, Format Version 12.00
# Visual Studio Version 17
VisualStudioVersion = 17.7.34221.43
MinimumVisualStudioVersion = 10.0.40219.1
Project("{8BC9CEB8-8B4A-11D0-8D11-00A0C91BC942}") = "mantıksal operatörler ders 8", "mantıksal operatörler ders 8.vcxproj", "{48373717-B54F-4749-B271-39B99C448155}"
EndProject
Global
	GlobalSection(SolutionConfigurationPlatforms) = preSolution
		Debug|x64 = Debug|x64
		Debug|x86 = Debug|x86
		Release|x64 = Release|x64
		Release|x86 = Release|x86
	EndGlobalSection
	GlobalSection(ProjectConfigurationPlatforms) = postSolution
		{48373717-B54F-4749-B271-39B99C448155}.Debug|x64.ActiveCfg = Debug|x64
		{48373717-B54F-4749-B271-39B99C448155}.Debug|x64.Build.0 = Debug|x64
		{48373717-B54F-4749-B271-39B99C448155}.Debug|x86.ActiveCfg = Debug|Win32
		{48373717-B54F-4749-B271-39B99C448155}.Debug|x86.Build.0 = Debug|Win32
		{48373717-B54F-4749-B271-39B99C448155}.Release|x64.ActiveCfg = Release|x64
		{48373717-B54F-4749-B271-39B99C448155}.Release|x64.Build.0 = Release|x64
		{48373717-B54F-4749-B271-39B99C448155}.Release|x86.ActiveCfg = Release|Win32
		{48373717-B54F-4749-B271-39B99C448155}.Release|x86.Build.0 = Release|Win32
	EndGlobalSection
	GlobalSection(SolutionProperties) = preSolution
		HideSolutionNode = FALSE
	EndGlobalSection
	GlobalSection(ExtensibilityGlobals) = postSolution
		SolutionGuid = {11CD6F85-5C73-4135-875F-5CAB9F2971E3}
	EndGlobalSection
EndGlobal
